{
  "pins" : [
    {
      "identity" : "lottistatic",
      "kind" : "remoteSourceControl",
      "location" : "https://github.com/vishwa8816/LottiStatic",
      "state" : {
        "branch" : "main",
        "revision" : "efd5f596866304330e09d7873f66f55b97cfdae3"
      }
    }
  ],
  "version" : 2
}
