{
  "pins" : [
    {
      "identity" : "lottistatic",
      "kind" : "remoteSourceControl",
      "location" : "https://github.com/vishwa8816/LottiStatic",
      "state" : {
        "branch" : "main",
        "revision" : "52fb2912d63e712eb4048b53ebf217b634f22714"
      }
    }
  ],
  "version" : 2
}
